
Microsoft Visual Studio Solution File, Format Version 12.00
# Visual Studio Version 17
VisualStudioVersion = 17.8.34330.188
MinimumVisualStudioVersion = 10.0.40219.1
Project("{FAE04EC0-301F-11D3-BF4B-00C04F79EFBC}") = "GenetikAlgoritma", "GenetikAlgoritma\GenetikAlgoritma.csproj", "{0081438A-FC41-413E-BC8E-CA5C9301FD85}"
EndProject
Global
	GlobalSection(SolutionConfigurationPlatforms) = preSolution
		Debug|Any CPU = Debug|Any CPU
		Release|Any CPU = Release|Any CPU
	EndGlobalSection
	GlobalSection(ProjectConfigurationPlatforms) = postSolution
		{0081438A-FC41-413E-BC8E-CA5C9301FD85}.Debug|Any CPU.ActiveCfg = Debug|Any CPU
		{0081438A-FC41-413E-BC8E-CA5C9301FD85}.Debug|Any CPU.Build.0 = Debug|Any CPU
		{0081438A-FC41-413E-BC8E-CA5C9301FD85}.Release|Any CPU.ActiveCfg = Release|Any CPU
		{0081438A-FC41-413E-BC8E-CA5C9301FD85}.Release|Any CPU.Build.0 = Release|Any CPU
	EndGlobalSection
	GlobalSection(SolutionProperties) = preSolution
		HideSolutionNode = FALSE
	EndGlobalSection
	GlobalSection(ExtensibilityGlobals) = postSolution
		SolutionGuid = {E3566D48-77A9-4A39-97D0-9996349DE5F8}
	EndGlobalSection
EndGlobal
